
Microsoft Visual Studio Solution File, Format Version 12.00
# Visual Studio Version 17
VisualStudioVersion = 17.3.32929.385
MinimumVisualStudioVersion = 10.0.40219.1
Project("{FAE04EC0-301F-11D3-BF4B-00C04F79EFBC}") = "Tennis", "Tennis\Tennis.csproj", "{2A18E2E6-0F9A-4FD1-BF1E-E1B1744BB8B2}"
EndProject
Global
	GlobalSection(SolutionConfigurationPlatforms) = preSolution
		Debug|Any CPU = Debug|Any CPU
		Release|Any CPU = Release|Any CPU
	EndGlobalSection
	GlobalSection(ProjectConfigurationPlatforms) = postSolution
		{2A18E2E6-0F9A-4FD1-BF1E-E1B1744BB8B2}.Debug|Any CPU.ActiveCfg = Debug|Any CPU
		{2A18E2E6-0F9A-4FD1-BF1E-E1B1744BB8B2}.Debug|Any CPU.Build.0 = Debug|Any CPU
		{2A18E2E6-0F9A-4FD1-BF1E-E1B1744BB8B2}.Release|Any CPU.ActiveCfg = Release|Any CPU
		{2A18E2E6-0F9A-4FD1-BF1E-E1B1744BB8B2}.Release|Any CPU.Build.0 = Release|Any CPU
	EndGlobalSection
	GlobalSection(SolutionProperties) = preSolution
		HideSolutionNode = FALSE
	EndGlobalSection
	GlobalSection(ExtensibilityGlobals) = postSolution
		SolutionGuid = {CF380AA6-D7AB-4399-B932-AC08E81980C4}
	EndGlobalSection
EndGlobal
