
Microsoft Visual Studio Solution File, Format Version 12.00
# Visual Studio Version 17
VisualStudioVersion = 17.3.32929.385
MinimumVisualStudioVersion = 10.0.40219.1
Project("{FAE04EC0-301F-11D3-BF4B-00C04F79EFBC}") = "Demo1", "Demo1\Demo1.csproj", "{91D84788-6CB2-4C98-9896-8B6F77F73CB8}"
EndProject
Global
	GlobalSection(SolutionConfigurationPlatforms) = preSolution
		Debug|Any CPU = Debug|Any CPU
		Release|Any CPU = Release|Any CPU
	EndGlobalSection
	GlobalSection(ProjectConfigurationPlatforms) = postSolution
		{91D84788-6CB2-4C98-9896-8B6F77F73CB8}.Debug|Any CPU.ActiveCfg = Debug|Any CPU
		{91D84788-6CB2-4C98-9896-8B6F77F73CB8}.Debug|Any CPU.Build.0 = Debug|Any CPU
		{91D84788-6CB2-4C98-9896-8B6F77F73CB8}.Release|Any CPU.ActiveCfg = Release|Any CPU
		{91D84788-6CB2-4C98-9896-8B6F77F73CB8}.Release|Any CPU.Build.0 = Release|Any CPU
	EndGlobalSection
	GlobalSection(SolutionProperties) = preSolution
		HideSolutionNode = FALSE
	EndGlobalSection
	GlobalSection(ExtensibilityGlobals) = postSolution
		SolutionGuid = {D3C9098E-0D23-41DB-8219-BD47A1EDF8D7}
	EndGlobalSection
EndGlobal
