
Microsoft Visual Studio Solution File, Format Version 12.00
# Visual Studio Version 17
VisualStudioVersion = 17.3.32929.385
MinimumVisualStudioVersion = 10.0.40219.1
Project("{FAE04EC0-301F-11D3-BF4B-00C04F79EFBC}") = "Lab_OOP_Basic", "Lab_OOP_Basic\Lab_OOP_Basic.csproj", "{EF36EFD4-DCC2-40DB-8CAB-953A6B5D683D}"
EndProject
Global
	GlobalSection(SolutionConfigurationPlatforms) = preSolution
		Debug|Any CPU = Debug|Any CPU
		Release|Any CPU = Release|Any CPU
	EndGlobalSection
	GlobalSection(ProjectConfigurationPlatforms) = postSolution
		{EF36EFD4-DCC2-40DB-8CAB-953A6B5D683D}.Debug|Any CPU.ActiveCfg = Debug|Any CPU
		{EF36EFD4-DCC2-40DB-8CAB-953A6B5D683D}.Debug|Any CPU.Build.0 = Debug|Any CPU
		{EF36EFD4-DCC2-40DB-8CAB-953A6B5D683D}.Release|Any CPU.ActiveCfg = Release|Any CPU
		{EF36EFD4-DCC2-40DB-8CAB-953A6B5D683D}.Release|Any CPU.Build.0 = Release|Any CPU
	EndGlobalSection
	GlobalSection(SolutionProperties) = preSolution
		HideSolutionNode = FALSE
	EndGlobalSection
	GlobalSection(ExtensibilityGlobals) = postSolution
		SolutionGuid = {5225FB54-D5BF-460A-915B-096A7977DD74}
	EndGlobalSection
EndGlobal
